# THIS IS AN AUTOGENERATED FILE. DO NOT EDIT THIS FILE DIRECTLY.
# yarn lockfile v1


"@babel/parser@^7.16.4":
  version "7.19.4"
  resolved "https://registry.yarnpkg.com/@babel/parser/-/parser-7.19.4.tgz#03c4339d2b8971eb3beca5252bafd9b9f79db3dc"
  integrity sha512-qpVT7gtuOLjWeDTKLkJ6sryqLliBaFpAtGeqw5cs5giLldvh+Ch0plqnUMKoVAUS6ZEueQQiZV+p5pxtPitEsA==

"@esbuild/android-arm@0.15.11":
  version "0.15.11"
  resolved "https://registry.yarnpkg.com/@esbuild/android-arm/-/android-arm-0.15.11.tgz#bdd9c3e098183bdca97075aa4c3e0152ed3e10ee"
  integrity sha512-PzMcQLazLBkwDEkrNPi9AbjFt6+3I7HKbiYF2XtWQ7wItrHvEOeO3T8Am434zAozWtVP7lrTue1bEfc2nYWeCA==

"@esbuild/linux-loong64@0.15.11":
  version "0.15.11"
  resolved "https://registry.yarnpkg.com/@esbuild/linux-loong64/-/linux-loong64-0.15.11.tgz#2f4f9a1083dcb4fc65233b6f59003c406abf32e5"
  integrity sha512-geWp637tUhNmhL3Xgy4Bj703yXB9dqiLJe05lCUf